
Microsoft Visual Studio Solution File, Format Version 12.00
# Visual Studio Version 16
VisualStudioVersion = 16.0.30114.105
MinimumVisualStudioVersion = 10.0.40219.1
Project("{FAE04EC0-301F-11D3-BF4B-00C04F79EFBC}") = "Ominaisuudet", "Ominaisuudet\Ominaisuudet.csproj", "{387A5FFC-813E-4707-BE07-6B90226FA9FF}"
EndProject
Global
	GlobalSection(SolutionConfigurationPlatforms) = preSolution
		Debug|Any CPU = Debug|Any CPU
		Release|Any CPU = Release|Any CPU
	EndGlobalSection
	GlobalSection(ProjectConfigurationPlatforms) = postSolution
		{387A5FFC-813E-4707-BE07-6B90226FA9FF}.Debug|Any CPU.ActiveCfg = Debug|Any CPU
		{387A5FFC-813E-4707-BE07-6B90226FA9FF}.Debug|Any CPU.Build.0 = Debug|Any CPU
		{387A5FFC-813E-4707-BE07-6B90226FA9FF}.Release|Any CPU.ActiveCfg = Release|Any CPU
		{387A5FFC-813E-4707-BE07-6B90226FA9FF}.Release|Any CPU.Build.0 = Release|Any CPU
	EndGlobalSection
	GlobalSection(SolutionProperties) = preSolution
		HideSolutionNode = FALSE
	EndGlobalSection
	GlobalSection(ExtensibilityGlobals) = postSolution
		SolutionGuid = {A92B4E99-98CB-4A07-BD74-1E0F4CBB2E09}
	EndGlobalSection
EndGlobal
