
Microsoft Visual Studio Solution File, Format Version 12.00
# Visual Studio Version 16
VisualStudioVersion = 16.0.30114.105
MinimumVisualStudioVersion = 10.0.40219.1
Project("{FAE04EC0-301F-11D3-BF4B-00C04F79EFBC}") = "Indekserit'", "Indekserit'\Indekserit'.csproj", "{8E9D5BCA-A05F-4DAA-9120-58779AF0C316}"
EndProject
Global
	GlobalSection(SolutionConfigurationPlatforms) = preSolution
		Debug|Any CPU = Debug|Any CPU
		Release|Any CPU = Release|Any CPU
	EndGlobalSection
	GlobalSection(ProjectConfigurationPlatforms) = postSolution
		{8E9D5BCA-A05F-4DAA-9120-58779AF0C316}.Debug|Any CPU.ActiveCfg = Debug|Any CPU
		{8E9D5BCA-A05F-4DAA-9120-58779AF0C316}.Debug|Any CPU.Build.0 = Debug|Any CPU
		{8E9D5BCA-A05F-4DAA-9120-58779AF0C316}.Release|Any CPU.ActiveCfg = Release|Any CPU
		{8E9D5BCA-A05F-4DAA-9120-58779AF0C316}.Release|Any CPU.Build.0 = Release|Any CPU
	EndGlobalSection
	GlobalSection(SolutionProperties) = preSolution
		HideSolutionNode = FALSE
	EndGlobalSection
	GlobalSection(ExtensibilityGlobals) = postSolution
		SolutionGuid = {A9D49B50-DBDB-4A76-9FF0-2A315FDA6C24}
	EndGlobalSection
EndGlobal
