
Microsoft Visual Studio Solution File, Format Version 12.00
# Visual Studio Version 16
VisualStudioVersion = 16.0.30104.148
MinimumVisualStudioVersion = 10.0.40219.1
Project("{FAE04EC0-301F-11D3-BF4B-00C04F79EFBC}") = "ConsoleApp1", "ConsoleApp1\ConsoleApp1.csproj", "{E87C00ED-8CB1-4155-858E-93D68E80FB43}"
EndProject
Global
	GlobalSection(SolutionConfigurationPlatforms) = preSolution
		Debug|Any CPU = Debug|Any CPU
		Release|Any CPU = Release|Any CPU
	EndGlobalSection
	GlobalSection(ProjectConfigurationPlatforms) = postSolution
		{E87C00ED-8CB1-4155-858E-93D68E80FB43}.Debug|Any CPU.ActiveCfg = Debug|Any CPU
		{E87C00ED-8CB1-4155-858E-93D68E80FB43}.Debug|Any CPU.Build.0 = Debug|Any CPU
		{E87C00ED-8CB1-4155-858E-93D68E80FB43}.Release|Any CPU.ActiveCfg = Release|Any CPU
		{E87C00ED-8CB1-4155-858E-93D68E80FB43}.Release|Any CPU.Build.0 = Release|Any CPU
	EndGlobalSection
	GlobalSection(SolutionProperties) = preSolution
		HideSolutionNode = FALSE
	EndGlobalSection
	GlobalSection(ExtensibilityGlobals) = postSolution
		SolutionGuid = {1A7E379E-1BD6-4527-92CB-1FA72F76DF45}
	EndGlobalSection
EndGlobal
