
Microsoft Visual Studio Solution File, Format Version 12.00
# Visual Studio Version 16
VisualStudioVersion = 16.0.30114.105
MinimumVisualStudioVersion = 10.0.40219.1
Project("{FAE04EC0-301F-11D3-BF4B-00C04F79EFBC}") = "Operaattorien kuormitus", "Operaattorien kuormitus\Operaattorien kuormitus.csproj", "{52C6DE6D-4ECC-4361-B114-D270CA083AFB}"
EndProject
Global
	GlobalSection(SolutionConfigurationPlatforms) = preSolution
		Debug|Any CPU = Debug|Any CPU
		Release|Any CPU = Release|Any CPU
	EndGlobalSection
	GlobalSection(ProjectConfigurationPlatforms) = postSolution
		{52C6DE6D-4ECC-4361-B114-D270CA083AFB}.Debug|Any CPU.ActiveCfg = Debug|Any CPU
		{52C6DE6D-4ECC-4361-B114-D270CA083AFB}.Debug|Any CPU.Build.0 = Debug|Any CPU
		{52C6DE6D-4ECC-4361-B114-D270CA083AFB}.Release|Any CPU.ActiveCfg = Release|Any CPU
		{52C6DE6D-4ECC-4361-B114-D270CA083AFB}.Release|Any CPU.Build.0 = Release|Any CPU
	EndGlobalSection
	GlobalSection(SolutionProperties) = preSolution
		HideSolutionNode = FALSE
	EndGlobalSection
	GlobalSection(ExtensibilityGlobals) = postSolution
		SolutionGuid = {DC0B6E37-7330-496E-955D-E8E356D3D6D7}
	EndGlobalSection
EndGlobal
