
Microsoft Visual Studio Solution File, Format Version 12.00
# Visual Studio Version 16
VisualStudioVersion = 16.0.30114.105
MinimumVisualStudioVersion = 10.0.40219.1
Project("{FAE04EC0-301F-11D3-BF4B-00C04F79EFBC}") = "Interpolaatio", "Interpolaatio\Interpolaatio.csproj", "{CCE77681-8335-417B-A2E9-509ACC0166F9}"
EndProject
Global
	GlobalSection(SolutionConfigurationPlatforms) = preSolution
		Debug|Any CPU = Debug|Any CPU
		Release|Any CPU = Release|Any CPU
	EndGlobalSection
	GlobalSection(ProjectConfigurationPlatforms) = postSolution
		{CCE77681-8335-417B-A2E9-509ACC0166F9}.Debug|Any CPU.ActiveCfg = Debug|Any CPU
		{CCE77681-8335-417B-A2E9-509ACC0166F9}.Debug|Any CPU.Build.0 = Debug|Any CPU
		{CCE77681-8335-417B-A2E9-509ACC0166F9}.Release|Any CPU.ActiveCfg = Release|Any CPU
		{CCE77681-8335-417B-A2E9-509ACC0166F9}.Release|Any CPU.Build.0 = Release|Any CPU
	EndGlobalSection
	GlobalSection(SolutionProperties) = preSolution
		HideSolutionNode = FALSE
	EndGlobalSection
	GlobalSection(ExtensibilityGlobals) = postSolution
		SolutionGuid = {FA7CB9BB-B37F-4A3A-B449-0824741E27B4}
	EndGlobalSection
EndGlobal
